// !$*UTF8*$!
{
	archiveVersion = 1;
	classes = {
	};
	objectVersion = 55;
	objects = {

/* Begin PBXBuildFile section */
		29B272D327B30C6F005B4D5E /* AppDelegate.swift in Sources */ = {isa = PBXBuildFile; fileRef = 29B272D227B30C6F005B4D5E /* AppDelegate.swift */; };
		29B272D527B30C6F005B4D5E /* SceneDelegate.swift in Sources */ = {isa = PBXBuildFile; fileRef = 29B272D427B30C6F005B4D5E /* SceneDelegate.swift */; };
		29B272D727B30C6F005B4D5E /* ViewController.swift in Sources */ = {isa = PBXBuildFile; fileRef = 29B272D627B30C6F005B4D5E /* ViewController.swift */; };
		29B272DA27B30C6F005B4D5E /* Main.storyboard in Resources */ = {isa = PBXBuildFile; fileRef = 29B272D827B30C6F005B4D5E /* Main.storyboard */; };
		29B272DC27B30C70005B4D5E /* Assets.xcassets in Resources */ = {isa = PBXBuildFile; fileRef = 29B272DB27B30C70005B4D5E /* Assets.xcassets */; };
		29B272DF27B30C70005B4D5E /* LaunchScreen.storyboard in Resources */ = {isa = PBXBuildFile; fileRef = 29B272DD27B30C70005B4D5E /* LaunchScreen.storyboard */; };
		29B272EA27B30C70005B4D5E /* EvenOddTests.swift in Sources */ = {isa = PBXBuildFile; fileRef = 29B272E927B30C70005B4D5E /* EvenOddTests.swift */; };
		29B272F427B30C70005B4D5E /* EvenOddUITests.swift in Sources */ = {isa = PBXBuildFile; fileRef = 29B272F327B30C70005B4D5E /* EvenOddUITests.swift */; };
		29B272F627B30C70005B4D5E /* EvenOddUITestsLaunchTests.swift in Sources */ = {isa = PBXBuildFile; fileRef = 29B272F527B30C70005B4D5E /* EvenOddUITestsLaunchTests.swift */; };
/* End PBXBuildFile section */

/* Begin PBXContainerItemProxy section */
		29B272E627B30C70005B4D5E /* PBXContainerItemProxy */ = {
			isa = PBXContainerItemProxy;
			containerPortal = 29B272C727B30C6F005B4D5E /* Project object */;
			proxyType = 1;
			remoteGlobalIDString = 29B272CE27B30C6F005B4D5E;
			remoteInfo = EvenOdd;
		};
		29B272F027B30C70005B4D5E /* PBXContainerItemProxy */ = {
			isa = PBXContainerItemProxy;
			containerPortal = 29B272C727B30C6F005B4D5E /* Project object */;
			proxyType = 1;
			remoteGlobalIDString = 29B272CE27B30C6F005B4D5E;
			remoteInfo = EvenOdd;
		};
/* End PBXContainerItemProxy section */

/* Begin PBXFileReference section */
		29B272CF27B30C6F005B4D5E /* EvenOdd.app */ = {isa = PBXFileReference; explicitFileType = wrapper.application; includeInIndex = 0; path = EvenOdd.app; sourceTree = BUILT_PRODUCTS_DIR; };
		29B272D227B30C6F005B4D5E /* AppDelegate.swift */ = {isa = PBXFileReference; lastKnownFileType = sourcecode.swift; path = AppDelegate.swift; sourceTree = "<group>"; };
		29B272D427B30C6F005B4D5E /* SceneDelegate.swift */ = {isa = PBXFileReference; lastKnownFileType = sourcecode.swift; path = SceneDelegate.swift; sourceTree = "<group>"; };
		29B272D627B30C6F005B4D5E /* ViewController.swift */ = {isa = PBXFileReference; lastKnownFileType = sourcecode.swift; path = ViewController.swift; sourceTree = "<group>"; };
		29B272D927B30C6F005B4D5E /* Base */ = {isa = PBXFileReference; lastKnownFileType = file.storyboard; name = Base; path = Base.lproj/Main.storyboard; sourceTree = "<group>"; };
		29B272DB27B30C70005B4D5E /* Assets.xcassets */ = {isa = PBXFileReference; lastKnownFileType = folder.assetcatalog; path = Assets.xcassets; sourceTree = "<group>"; };
		29B272DE27B30C70005B4D5E /* Base */ = {isa = PBXFileReference; lastKnownFileType = file.storyboard; name = Base; path = Base.lproj/LaunchScreen.storyboard; sourceTree = "<group>"; };
		29B272E027B30C70005B4D5E /* Info.plist */ = {isa = PBXFileReference; lastKnownFileType = text.plist.xml; path = Info.plist; sourceTree = "<group>"; };
		29B272E527B30C70005B4D5E /* EvenOddTests.xctest */ = {isa = PBXFileReference; explicitFileType = wrapper.cfbundle; includeInIndex = 0; path = EvenOddTests.xctest; sourceTree = BUILT_PRODUCTS_DIR; };
		29B272E927B30C70005B4D5E /* EvenOddTests.swift */ = {isa = PBXFileReference; lastKnownFileType = sourcecode.swift; path = EvenOddTests.swift; sourceTree = "<group>"; };
		29B272EF27B30C70005B4D5E /* EvenOddUITests.xctest */ = {isa = PBXFileReference; explicitFileType = wrapper.cfbundle; includeInIndex = 0; path = EvenOddUITests.xctest; sourceTree = BUILT_PRODUCTS_DIR; };
		29B272F327B30C70005B4D5E /* EvenOddUITests.swift */ = {isa = PBXFileReference; lastKnownFileType = sourcecode.swift; path = EvenOddUITests.swift; sourceTree = "<group>"; };
		29B272F527B30C70005B4D5E /* EvenOddUITestsLaunchTests.swift */ = {isa = PBXFileReference; lastKnownFileType = sourcecode.swift; path = EvenOddUITestsLaunchTests.swift; sourceTree = "<group>"; };
/* End PBXFileReference section */

/* Begin PBXFrameworksBuildPhase section */
		29B272CC27B30C6F005B4D5E /* Frameworks */ = {
			isa = PBXFrameworksBuildPhase;
			buildActionMask = 2147483647;
			files = (
			);
			runOnlyForDeploymentPostprocessing = 0;
		};
		29B272E227B30C70005B4D5E /* Frameworks */ = {
			isa = PBXFrameworksBuildPhase;
			buildActionMask = 2147483647;
			files = (
			);
			runOnlyForDeploymentPostprocessing = 0;
		};
		29B272EC27B30C70005B4D5E /* Frameworks */ = {
			isa = PBXFrameworksBuildPhase;
			buildActionMask = 2147483647;
			files = (
			);
			runOnlyForDeploymentPostprocessing = 0;
		};
/* End PBXFrameworksBuildPhase section */

/* Begin PBXGroup section */
		29B272C627B30C6F005B4D5E = {
			isa = PBXGroup;
			children = (
				29B272D127B30C6F005B4D5E /* EvenOdd */,
				29B272E827B30C70005B4D5E /* EvenOddTests */,
				29B272F227B30C70005B4D5E /* EvenOddUITests */,
				29B272D027B30C6F005B4D5E /* Products */,
			);
			sourceTree = "<group>";
		};
		29B272D027B30C6F005B4D5E /* Products */ = {
			isa = PBXGroup;
			children = (
				29B272CF27B30C6F005B4D5E /* EvenOdd.app */,
				29B272E527B30C70005B4D5E /* EvenOddTests.xctest */,
				29B272EF27B30C70005B4D5E /* EvenOddUITests.xctest */,
			);
			name = Products;
			sourceTree = "<group>";
		};
		29B272D127B30C6F005B4D5E /* EvenOdd */ = {
			isa = PBXGroup;
			children = (
				29B272D227B30C6F005B4D5E /* AppDelegate.swift */,
				29B272D427B30C6F005B4D5E /* SceneDelegate.swift */,
				29B272D627B30C6F005B4D5E /* ViewController.swift */,
				29B272D827B30C6F005B4D5E /* Main.storyboard */,
				29B272DB27B30C70005B4D5E /* Assets.xcassets */,
				29B272DD27B30C70005B4D5E /* LaunchScreen.storyboard */,
				29B272E027B30C70005B4D5E /* Info.plist */,
			);
			path = EvenOdd;
			sourceTree = "<group>";
		};
		29B272E827B30C70005B4D5E /* EvenOddTests */ = {
			isa = PBXGroup;
			children = (
				29B272E927B30C70005B4D5E /* EvenOddTests.swift */,
			);
			path = EvenOddTests;
			sourceTree = "<group>";
		};
		29B272F227B30C70005B4D5E /* EvenOddUITests */ = {
			isa = PBXGroup;
			children = (
				29B272F327B30C70005B4D5E /* EvenOddUITests.swift */,
				29B272F527B30C70005B4D5E /* EvenOddUITestsLaunchTests.swift */,
			);
			path = EvenOddUITests;
			sourceTree = "<group>";
		};
/* End PBXGroup section */

/* Begin PBXNativeTarget section */
		29B272CE27B30C6F005B4D5E /* EvenOdd */ = {
			isa = PBXNativeTarget;
			buildConfigurationList = 29B272F927B30C71005B4D5E /* Build configuration list for PBXNativeTarget "EvenOdd" */;
			buildPhases = (
				29B272CB27B30C6F005B4D5E /* Sources */,
				29B272CC27B30C6F005B4D5E /* Frameworks */,
				29B272CD27B30C6F005B4D5E /* Resources */,
			);
			buildRules = (
			);
			dependencies = (
			);
			name = EvenOdd;
			productName = EvenOdd;
			productReference = 29B272CF27B30C6F005B4D5E /* EvenOdd.app */;
			productType = "com.apple.product-type.application";
		};
		29B272E427B30C70005B4D5E /* EvenOddTests */ = {
			isa = PBXNativeTarget;
			buildConfigurationList = 29B272FC27B30C71005B4D5E /* Build configuration list for PBXNativeTarget "EvenOddTests" */;
			buildPhases = (
				29B272E127B30C70005B4D5E /* Sources */,
				29B272E227B30C70005B4D5E /* Frameworks */,
				29B272E327B30C70005B4D5E /* Resources */,
			);
			buildRules = (
			);
			dependencies = (
				29B272E727B30C70005B4D5E /* PBXTargetDependency */,
			);
			name = EvenOddTests;
			productName = EvenOddTests;
			productReference = 29B272E527B30C70005B4D5E /* EvenOddTests.xctest */;
			productType = "com.apple.product-type.bundle.unit-test";
		};
		29B272EE27B30C70005B4D5E /* EvenOddUITests */ = {
			isa = PBXNativeTarget;
			buildConfigurationList = 29B272FF27B30C71005B4D5E /* Build configuration list for PBXNativeTarget "EvenOddUITests" */;
			buildPhases = (
				29B272EB27B30C70005B4D5E /* Sources */,
				29B272EC27B30C70005B4D5E /* Frameworks */,
				29B272ED27B30C70005B4D5E /* Resources */,
			);
			buildRules = (
			);
			dependencies = (
				29B272F127B30C70005B4D5E /* PBXTargetDependency */,
			);
			name = EvenOddUITests;
			productName = EvenOddUITests;
			productReference = 29B272EF27B30C70005B4D5E /* EvenOddUITests.xctest */;
			productType = "com.apple.product-type.bundle.ui-testing";
		};
/* End PBXNativeTarget section */

/* Begin PBXProject section */
		29B272C727B30C6F005B4D5E /* Project object */ = {
			isa = PBXProject;
			attributes = {
				BuildIndependentTargetsInParallel = 1;
				LastSwiftUpdateCheck = 1320;
				LastUpgradeCheck = 1320;
				TargetAttributes = {
					29B272CE27B30C6F005B4D5E = {
						CreatedOnToolsVersion = 13.2.1;
					};
					29B272E427B30C70005B4D5E = {
						CreatedOnToolsVersion = 13.2.1;
						TestTargetID = 29B272CE27B30C6F005B4D5E;
					};
					29B272EE27B30C70005B4D5E = {
						CreatedOnToolsVersion = 13.2.1;
						TestTargetID = 29B272CE27B30C6F005B4D5E;
					};
				};
			};
			buildConfigurationList = 29B272CA27B30C6F005B4D5E /* Build configuration list for PBXProject "EvenOdd" */;
			compatibilityVersion = "Xcode 13.0";
			developmentRegion = en;
			hasScannedForEncodings = 0;
			knownRegions = (
				en,
				Base,
			);
			mainGroup = 29B272C627B30C6F005B4D5E;
			productRefGroup = 29B272D027B30C6F005B4D5E /* Products */;
			projectDirPath = "";
			projectRoot = "";
			targets = (
				29B272CE27B30C6F005B4D5E /* EvenOdd */,
				29B272E427B30C70005B4D5E /* EvenOddTests */,
				29B272EE27B30C70005B4D5E /* EvenOddUITests */,
			);
		};
/* End PBXProject section */

/* Begin PBXResourcesBuildPhase section */
		29B272CD27B30C6F005B4D5E /* Resources */ = {
			isa = PBXResourcesBuildPhase;
			buildActionMask = 2147483647;
			files = (
				29B272DF27B30C70005B4D5E /* LaunchScreen.storyboard in Resources */,
				29B272DC27B30C70005B4D5E /* Assets.xcassets in Resources */,
				29B272DA27B30C6F005B4D5E /* Main.storyboard in Resources */,
			);
			runOnlyForDeploymentPostprocessing = 0;
		};
		29B272E327B30C70005B4D5E /* Resources */ = {
			isa = PBXResourcesBuildPhase;
			buildActionMask = 2147483647;
			files = (
			);
			runOnlyForDeploymentPostprocessing = 0;
		};
		29B272ED27B30C70005B4D5E /* Resources */ = {
			isa = PBXResourcesBuildPhase;
			buildActionMask = 2147483647;
			files = (
			);
			runOnlyForDeploymentPostprocessing = 0;
		};
/* End PBXResourcesBuildPhase section */

/* Begin PBXSourcesBuildPhase section */
		29B272CB27B30C6F005B4D5E /* Sources */ = {
			isa = PBXSourcesBuildPhase;
			buildActionMask = 2147483647;
			files = (
				29B272D727B30C6F005B4D5E /* ViewController.swift in Sources */,
				29B272D327B30C6F005B4D5E /* AppDelegate.swift in Sources */,
				29B272D527B30C6F005B4D5E /* SceneDelegate.swift in Sources */,
			);
			runOnlyForDeploymentPostprocessing = 0;
		};
		29B272E127B30C70005B4D5E /* Sources */ = {
			isa = PBXSourcesBuildPhase;
			buildActionMask = 2147483647;
			files = (
				29B272EA27B30C70005B4D5E /* EvenOddTests.swift in Sources */,
			);
			runOnlyForDeploymentPostprocessing = 0;
		};
		29B272EB27B30C70005B4D5E /* Sources */ = {
			isa = PBXSourcesBuildPhase;
			buildActionMask = 2147483647;
			files = (
				29B272F627B30C70005B4D5E /* EvenOddUITestsLaunchTests.swift in Sources */,
				29B272F427B30C70005B4D5E /* EvenOddUITests.swift in Sources */,
			);
			runOnlyForDeploymentPostprocessing = 0;
		};
/* End PBXSourcesBuildPhase section */

/* Begin PBXTargetDependency section */
		29B272E727B30C70005B4D5E /* PBXTargetDependency */ = {
			isa = PBXTargetDependency;
			target = 29B272CE27B30C6F005B4D5E /* EvenOdd */;
			targetProxy = 29B272E627B30C70005B4D5E /* PBXContainerItemProxy */;
		};
		29B272F127B30C70005B4D5E /* PBXTargetDependency */ = {
			isa = PBXTargetDependency;
			target = 29B272CE27B30C6F005B4D5E /* EvenOdd */;
			targetProxy = 29B272F027B30C70005B4D5E /* PBXContainerItemProxy */;
		};
/* End PBXTargetDependency section */

/* Begin PBXVariantGroup section */
		29B272D827B30C6F005B4D5E /* Main.storyboard */ = {
			isa = PBXVariantGroup;
			children = (
				29B272D927B30C6F005B4D5E /* Base */,
			);
			name = Main.storyboard;
			sourceTree = "<group>";
		};
		29B272DD27B30C70005B4D5E /* LaunchScreen.storyboard */ = {
			isa = PBXVariantGroup;
			children = (
				29B272DE27B30C70005B4D5E /* Base */,
			);
			name = LaunchScreen.storyboard;
			sourceTree = "<group>";
		};
/* End PBXVariantGroup section */

/* Begin XCBuildConfiguration section */
		29B272F727B30C71005B4D5E /* Debug */ = {
			isa = XCBuildConfiguration;
			buildSettings = {
				ALWAYS_SEARCH_USER_PATHS = NO;
				CLANG_ANALYZER_NONNULL = YES;
				CLANG_ANALYZER_NUMBER_OBJECT_CONVERSION = YES_AGGRESSIVE;
				CLANG_CXX_LANGUAGE_STANDARD = "gnu++17";
				CLANG_CXX_LIBRARY = "libc++";
				CLANG_ENABLE_MODULES = YES;
				CLANG_ENABLE_OBJC_ARC = YES;
				CLANG_ENABLE_OBJC_WEAK = YES;
				CLANG_WARN_BLOCK_CAPTURE_AUTORELEASING = YES;
				CLANG_WARN_BOOL_CONVERSION = YES;
				CLANG_WARN_COMMA = YES;
				CLANG_WARN_CONSTANT_CONVERSION = YES;
				CLANG_WARN_DEPRECATED_OBJC_IMPLEMENTATIONS = YES;
				CLANG_WARN_DIRECT_OBJC_ISA_USAGE = YES_ERROR;
				CLANG_WARN_DOCUMENTATION_COMMENTS = YES;
				CLANG_WARN_EMPTY_BODY = YES;
				CLANG_WARN_ENUM_CONVERSION = YES;
				CLANG_WARN_INFINITE_RECURSION = YES;
				CLANG_WARN_INT_CONVERSION = YES;
				CLANG_WARN_NON_LITERAL_NULL_CONVERSION = YES;
				CLANG_WARN_OBJC_IMPLICIT_RETAIN_SELF = YES;
				CLANG_WARN_OBJC_LITERAL_CONVERSION = YES;
				CLANG_WARN_OBJC_ROOT_CLASS = YES_ERROR;
				CLANG_WARN_QUOTED_INCLUDE_IN_FRAMEWORK_HEADER = YES;
				CLANG_WARN_RANGE_LOOP_ANALYSIS = YES;
				CLANG_WARN_STRICT_PROTOTYPES = YES;
				CLANG_WARN_SUSPICIOUS_MOVE = YES;
				CLANG_WARN_UNGUARDED_AVAILABILITY = YES_AGGRESSIVE;
				CLANG_WARN_UNREACHABLE_CODE = YES;
				CLANG_WARN__DUPLICATE_METHOD_MATCH = YES;
				COPY_PHASE_STRIP = NO;
				DEBUG_INFORMATION_FORMAT = dwarf;
				ENABLE_STRICT_OBJC_MSGSEND = YES;
				ENABLE_TESTABILITY = YES;
				GCC_C_LANGUAGE_STANDARD = gnu11;
				GCC_DYNAMIC_NO_PIC = NO;
				GCC_NO_COMMON_BLOCKS = YES;
				GCC_OPTIMIZATION_LEVEL = 0;
				GCC_PREPROCESSOR_DEFINITIONS = (
					"DEBUG=1",
					"$(inherited)",
				);
				GCC_WARN_64_TO_32_BIT_CONVERSION = YES;
				GCC_WARN_ABOUT_RETURN_TYPE = YES_ERROR;
				GCC_WARN_UNDECLARED_SELECTOR = YES;
				GCC_WARN_UNINITIALIZED_AUTOS = YES_AGGRESSIVE;
				GCC_WARN_UNUSED_FUNCTION = YES;
				GCC_WARN_UNUSED_VARIABLE = YES;
				IPHONEOS_DEPLOYMENT_TARGET = 15.2;
				MTL_ENABLE_DEBUG_INFO = INCLUDE_SOURCE;
				MTL_FAST_MATH = YES;
				ONLY_ACTIVE_ARCH = YES;
				SDKROOT = iphoneos;
				SWIFT_ACTIVE_COMPILATION_CONDITIONS = DEBUG;
				SWIFT_OPTIMIZATION_LEVEL = "-Onone";
			};
			name = Debug;
		};
		29B272F827B30C71005B4D5E /* Release */ = {
			isa = XCBuildConfiguration;
			buildSettings = {
				ALWAYS_SEARCH_USER_PATHS = NO;
				CLANG_ANALYZER_NONNULL = YES;
				CLANG_ANALYZER_NUMBER_OBJECT_CONVERSION = YES_AGGRESSIVE;
				CLANG_CXX_LANGUAGE_STANDARD = "gnu++17";
				CLANG_CXX_LIBRARY = "libc++";
				CLANG_ENABLE_MODULES = YES;
				CLANG_ENABLE_OBJC_ARC = YES;
				CLANG_ENABLE_OBJC_WEAK = YES;
				CLANG_WARN_BLOCK_CAPTURE_AUTORELEASING = YES;
				CLANG_WARN_BOOL_CONVERSION = YES;
				CLANG_WARN_COMMA = YES;
				CLANG_WARN_CONSTANT_CONVERSION = YES;
				CLANG_WARN_DEPRECATED_OBJC_IMPLEMENTATIONS = YES;
				CLANG_WARN_DIRECT_OBJC_ISA_USAGE = YES_ERROR;
				CLANG_WARN_DOCUMENTATION_COMMENTS = YES;
				CLANG_WARN_EMPTY_BODY = YES;
				CLANG_WARN_ENUM_CONVERSION = YES;
				CLANG_WARN_INFINITE_RECURSION = YES;
				CLANG_WARN_INT_CONVERSION = YES;
				CLANG_WARN_NON_LITERAL_NULL_CONVERSION = YES;
				CLANG_WARN_OBJC_IMPLICIT_RETAIN_SELF = YES;
				CLANG_WARN_OBJC_LITERAL_CONVERSION = YES;
				CLANG_WARN_OBJC_ROOT_CLASS = YES_ERROR;
				CLANG_WARN_QUOTED_INCLUDE_IN_FRAMEWORK_HEADER = YES;
				CLANG_WARN_RANGE_LOOP_ANALYSIS = YES;
				CLANG_WARN_STRICT_PROTOTYPES = YES;
				CLANG_WARN_SUSPICIOUS_MOVE = YES;
				CLANG_WARN_UNGUARDED_AVAILABILITY = YES_AGGRESSIVE;
				CLANG_WARN_UNREACHABLE_CODE = YES;
				CLANG_WARN__DUPLICATE_METHOD_MATCH = YES;
				COPY_PHASE_STRIP = NO;
				DEBUG_INFORMATION_FORMAT = "dwarf-with-dsym";
				ENABLE_NS_ASSERTIONS = NO;
				ENABLE_STRICT_OBJC_MSGSEND = YES;
				GCC_C_LANGUAGE_STANDARD = gnu11;
				GCC_NO_COMMON_BLOCKS = YES;
				GCC_WARN_64_TO_32_BIT_CONVERSION = YES;
				GCC_WARN_ABOUT_RETURN_TYPE = YES_ERROR;
				GCC_WARN_UNDECLARED_SELECTOR = YES;
				GCC_WARN_UNINITIALIZED_AUTOS = YES_AGGRESSIVE;
				GCC_WARN_UNUSED_FUNCTION = YES;
				GCC_WARN_UNUSED_VARIABLE = YES;
				IPHONEOS_DEPLOYMENT_TARGET = 15.2;
				MTL_ENABLE_DEBUG_INFO = NO;
				MTL_FAST_MATH = YES;
				SDKROOT = iphoneos;
				SWIFT_COMPILATION_MODE = wholemodule;
				SWIFT_OPTIMIZATION_LEVEL = "-O";
				VALIDATE_PRODUCT = YES;
			};
			name = Release;
		};
		29B272FA27B30C71005B4D5E /* Debug */ = {
			isa = XCBuildConfiguration;
			buildSettings = {
				ASSETCATALOG_COMPILER_APPICON_NAME = AppIcon;
				ASSETCATALOG_COMPILER_GLOBAL_ACCENT_COLOR_NAME = AccentColor;
				CODE_SIGN_STYLE = Automatic;
				CURRENT_PROJECT_VERSION = 1;
				GENERATE_INFOPLIST_FILE = YES;
				INFOPLIST_FILE = EvenOdd/Info.plist;
				INFOPLIST_KEY_CFBundleDisplayName = EvenOdd;
				INFOPLIST_KEY_UIApplicationSupportsIndirectInputEvents = YES;
				INFOPLIST_KEY_UILaunchStoryboardName = LaunchScreen;
				INFOPLIST_KEY_UIMainStoryboardFile = Main;
				INFOPLIST_KEY_UISupportedInterfaceOrientations_iPad = "UIInterfaceOrientationPortrait UIInterfaceOrientationPortraitUpsideDown UIInterfaceOrientationLandscapeLeft UIInterfaceOrientationLandscapeRight";
				INFOPLIST_KEY_UISupportedInterfaceOrientations_iPhone = "UIInterfaceOrientationPortrait UIInterfaceOrientationLandscapeLeft UIInterfaceOrientationLandscapeRight";
				LD_RUNPATH_SEARCH_PATHS = (
					"$(inherited)",
					"@executable_path/Frameworks",
				);
				MARKETING_VERSION = 1.0;
				PRODUCT_BUNDLE_IDENTIFIER = nwmsu.EvenOdd;
				PRODUCT_NAME = "$(TARGET_NAME)";
				SWIFT_EMIT_LOC_STRINGS = YES;
				SWIFT_VERSION = 5.0;
				TARGETED_DEVICE_FAMILY = "1,2";
			};
			name = Debug;
		};
		29B272FB27B30C71005B4D5E /* Release */ = {
			isa = XCBuildConfiguration;
			buildSettings = {
				ASSETCATALOG_COMPILER_APPICON_NAME = AppIcon;
				ASSETCATALOG_COMPILER_GLOBAL_ACCENT_COLOR_NAME = AccentColor;
				CODE_SIGN_STYLE = Automatic;
				CURRENT_PROJECT_VERSION = 1;
				GENERATE_INFOPLIST_FILE = YES;
				INFOPLIST_FILE = EvenOdd/Info.plist;
				INFOPLIST_KEY_CFBundleDisplayName = EvenOdd;
				INFOPLIST_KEY_UIApplicationSupportsIndirectInputEvents = YES;
				INFOPLIST_KEY_UILaunchStoryboardName = LaunchScreen;
				INFOPLIST_KEY_UIMainStoryboardFile = Main;
				INFOPLIST_KEY_UISupportedInterfaceOrientations_iPad = "UIInterfaceOrientationPortrait UIInterfaceOrientationPortraitUpsideDown UIInterfaceOrientationLandscapeLeft UIInterfaceOrientationLandscapeRight";
				INFOPLIST_KEY_UISupportedInterfaceOrientations_iPhone = "UIInterfaceOrientationPortrait UIInterfaceOrientationLandscapeLeft UIInterfaceOrientationLandscapeRight";
				LD_RUNPATH_SEARCH_PATHS = (
					"$(inherited)",
					"@executable_path/Frameworks",
				);
				MARKETING_VERSION = 1.0;
				PRODUCT_BUNDLE_IDENTIFIER = nwmsu.EvenOdd;
				PRODUCT_NAME = "$(TARGET_NAME)";
				SWIFT_EMIT_LOC_STRINGS = YES;
				SWIFT_VERSION = 5.0;
				TARGETED_DEVICE_FAMILY = "1,2";
			};
			name = Release;
		};
		29B272FD27B30C71005B4D5E /* Debug */ = {
			isa = XCBuildConfiguration;
			buildSettings = {
				ALWAYS_EMBED_SWIFT_STANDARD_LIBRARIES = YES;
				BUNDLE_LOADER = "$(TEST_HOST)";
				CODE_SIGN_STYLE = Automatic;
				CURRENT_PROJECT_VERSION = 1;
				GENERATE_INFOPLIST_FILE = YES;
				IPHONEOS_DEPLOYMENT_TARGET = 15.2;
				MARKETING_VERSION = 1.0;
				PRODUCT_BUNDLE_IDENTIFIER = nwmsu.EvenOddTests;
				PRODUCT_NAME = "$(TARGET_NAME)";
				SWIFT_EMIT_LOC_STRINGS = NO;
				SWIFT_VERSION = 5.0;
				TARGETED_DEVICE_FAMILY = "1,2";
				TEST_HOST = "$(BUILT_PRODUCTS_DIR)/EvenOdd.app/EvenOdd";
			};
			name = Debug;
		};
		29B272FE27B30C71005B4D5E /* Release */ = {
			isa = XCBuildConfiguration;
			buildSettings = {
				ALWAYS_EMBED_SWIFT_STANDARD_LIBRARIES = YES;
				BUNDLE_LOADER = "$(TEST_HOST)";
				CODE_SIGN_STYLE = Automatic;
				CURRENT_PROJECT_VERSION = 1;
				GENERATE_INFOPLIST_FILE = YES;
				IPHONEOS_DEPLOYMENT_TARGET = 15.2;
				MARKETING_VERSION = 1.0;
				PRODUCT_BUNDLE_IDENTIFIER = nwmsu.EvenOddTests;
				PRODUCT_NAME = "$(TARGET_NAME)";
				SWIFT_EMIT_LOC_STRINGS = NO;
				SWIFT_VERSION = 5.0;
				TARGETED_DEVICE_FAMILY = "1,2";
				TEST_HOST = "$(BUILT_PRODUCTS_DIR)/EvenOdd.app/EvenOdd";
			};
			name = Release;
		};
		29B2730027B30C71005B4D5E /* Debug */ = {
			isa = XCBuildConfiguration;
			buildSettings = {
				ALWAYS_EMBED_SWIFT_STANDARD_LIBRARIES = YES;
				CODE_SIGN_STYLE = Automatic;
				CURRENT_PROJECT_VERSION = 1;
				GENERATE_INFOPLIST_FILE = YES;
				MARKETING_VERSION = 1.0;
				PRODUCT_BUNDLE_IDENTIFIER = nwmsu.EvenOddUITests;
				PRODUCT_NAME = "$(TARGET_NAME)";
				SWIFT_EMIT_LOC_STRINGS = NO;
				SWIFT_VERSION = 5.0;
				TARGETED_DEVICE_FAMILY = "1,2";
				TEST_TARGET_NAME = EvenOdd;
			};
			name = Debug;
		};
		29B2730127B30C71005B4D5E /* Release */ = {
			isa = XCBuildConfiguration;
			buildSettings = {
				ALWAYS_EMBED_SWIFT_STANDARD_LIBRARIES = YES;
				CODE_SIGN_STYLE = Automatic;
				CURRENT_PROJECT_VERSION = 1;
				GENERATE_INFOPLIST_FILE = YES;
				MARKETING_VERSION = 1.0;
				PRODUCT_BUNDLE_IDENTIFIER = nwmsu.EvenOddUITests;
				PRODUCT_NAME = "$(TARGET_NAME)";
				SWIFT_EMIT_LOC_STRINGS = NO;
				SWIFT_VERSION = 5.0;
				TARGETED_DEVICE_FAMILY = "1,2";
				TEST_TARGET_NAME = EvenOdd;
			};
			name = Release;
		};
/* End XCBuildConfiguration section */

/* Begin XCConfigurationList section */
		29B272CA27B30C6F005B4D5E /* Build configuration list for PBXProject "EvenOdd" */ = {
			isa = XCConfigurationList;
			buildConfigurations = (
				29B272F727B30C71005B4D5E /* Debug */,
				29B272F827B30C71005B4D5E /* Release */,
			);
			defaultConfigurationIsVisible = 0;
			defaultConfigurationName = Release;
		};
		29B272F927B30C71005B4D5E /* Build configuration list for PBXNativeTarget "EvenOdd" */ = {
			isa = XCConfigurationList;
			buildConfigurations = (
				29B272FA27B30C71005B4D5E /* Debug */,
				29B272FB27B30C71005B4D5E /* Release */,
			);
			defaultConfigurationIsVisible = 0;
			defaultConfigurationName = Release;
		};
		29B272FC27B30C71005B4D5E /* Build configuration list for PBXNativeTarget "EvenOddTests" */ = {
			isa = XCConfigurationList;
			buildConfigurations = (
				29B272FD27B30C71005B4D5E /* Debug */,
				29B272FE27B30C71005B4D5E /* Release */,
			);
			defaultConfigurationIsVisible = 0;
			defaultConfigurationName = Release;
		};
		29B272FF27B30C71005B4D5E /* Build configuration list for PBXNativeTarget "EvenOddUITests" */ = {
			isa = XCConfigurationList;
			buildConfigurations = (
				29B2730027B30C71005B4D5E /* Debug */,
				29B2730127B30C71005B4D5E /* Release */,
			);
			defaultConfigurationIsVisible = 0;
			defaultConfigurationName = Release;
		};
/* End XCConfigurationList section */
	};
	rootObject = 29B272C727B30C6F005B4D5E /* Project object */;
}
