// !$*UTF8*$!
{
	archiveVersion = 1;
	classes = {
	};
	objectVersion = 55;
	objects = {

/* Begin PBXBuildFile section */
		299AF41127E3C07C0040AA03 /* AppDelegate.swift in Sources */ = {isa = PBXBuildFile; fileRef = 299AF41027E3C07C0040AA03 /* AppDelegate.swift */; };
		299AF41327E3C07C0040AA03 /* SceneDelegate.swift in Sources */ = {isa = PBXBuildFile; fileRef = 299AF41227E3C07C0040AA03 /* SceneDelegate.swift */; };
		299AF41527E3C07C0040AA03 /* ViewController.swift in Sources */ = {isa = PBXBuildFile; fileRef = 299AF41427E3C07C0040AA03 /* ViewController.swift */; };
		299AF41827E3C07C0040AA03 /* Main.storyboard in Resources */ = {isa = PBXBuildFile; fileRef = 299AF41627E3C07C0040AA03 /* Main.storyboard */; };
		299AF41A27E3C07D0040AA03 /* Assets.xcassets in Resources */ = {isa = PBXBuildFile; fileRef = 299AF41927E3C07D0040AA03 /* Assets.xcassets */; };
		299AF41D27E3C07D0040AA03 /* LaunchScreen.storyboard in Resources */ = {isa = PBXBuildFile; fileRef = 299AF41B27E3C07D0040AA03 /* LaunchScreen.storyboard */; };
		299AF42827E3C07E0040AA03 /* Animation_AppTests.swift in Sources */ = {isa = PBXBuildFile; fileRef = 299AF42727E3C07E0040AA03 /* Animation_AppTests.swift */; };
		299AF43227E3C07E0040AA03 /* Animation_AppUITests.swift in Sources */ = {isa = PBXBuildFile; fileRef = 299AF43127E3C07E0040AA03 /* Animation_AppUITests.swift */; };
		299AF43427E3C07E0040AA03 /* Animation_AppUITestsLaunchTests.swift in Sources */ = {isa = PBXBuildFile; fileRef = 299AF43327E3C07E0040AA03 /* Animation_AppUITestsLaunchTests.swift */; };
/* End PBXBuildFile section */

/* Begin PBXContainerItemProxy section */
		299AF42427E3C07E0040AA03 /* PBXContainerItemProxy */ = {
			isa = PBXContainerItemProxy;
			containerPortal = 299AF40527E3C07C0040AA03 /* Project object */;
			proxyType = 1;
			remoteGlobalIDString = 299AF40C27E3C07C0040AA03;
			remoteInfo = Animation_App;
		};
		299AF42E27E3C07E0040AA03 /* PBXContainerItemProxy */ = {
			isa = PBXContainerItemProxy;
			containerPortal = 299AF40527E3C07C0040AA03 /* Project object */;
			proxyType = 1;
			remoteGlobalIDString = 299AF40C27E3C07C0040AA03;
			remoteInfo = Animation_App;
		};
/* End PBXContainerItemProxy section */

/* Begin PBXFileReference section */
		299AF40D27E3C07C0040AA03 /* Animation_App.app */ = {isa = PBXFileReference; explicitFileType = wrapper.application; includeInIndex = 0; path = Animation_App.app; sourceTree = BUILT_PRODUCTS_DIR; };
		299AF41027E3C07C0040AA03 /* AppDelegate.swift */ = {isa = PBXFileReference; lastKnownFileType = sourcecode.swift; path = AppDelegate.swift; sourceTree = "<group>"; };
		299AF41227E3C07C0040AA03 /* SceneDelegate.swift */ = {isa = PBXFileReference; lastKnownFileType = sourcecode.swift; path = SceneDelegate.swift; sourceTree = "<group>"; };
		299AF41427E3C07C0040AA03 /* ViewController.swift */ = {isa = PBXFileReference; lastKnownFileType = sourcecode.swift; path = ViewController.swift; sourceTree = "<group>"; };
		299AF41727E3C07C0040AA03 /* Base */ = {isa = PBXFileReference; lastKnownFileType = file.storyboard; name = Base; path = Base.lproj/Main.storyboard; sourceTree = "<group>"; };
		299AF41927E3C07D0040AA03 /* Assets.xcassets */ = {isa = PBXFileReference; lastKnownFileType = folder.assetcatalog; path = Assets.xcassets; sourceTree = "<group>"; };
		299AF41C27E3C07D0040AA03 /* Base */ = {isa = PBXFileReference; lastKnownFileType = file.storyboard; name = Base; path = Base.lproj/LaunchScreen.storyboard; sourceTree = "<group>"; };
		299AF41E27E3C07D0040AA03 /* Info.plist */ = {isa = PBXFileReference; lastKnownFileType = text.plist.xml; path = Info.plist; sourceTree = "<group>"; };
		299AF42327E3C07E0040AA03 /* Animation_AppTests.xctest */ = {isa = PBXFileReference; explicitFileType = wrapper.cfbundle; includeInIndex = 0; path = Animation_AppTests.xctest; sourceTree = BUILT_PRODUCTS_DIR; };
		299AF42727E3C07E0040AA03 /* Animation_AppTests.swift */ = {isa = PBXFileReference; lastKnownFileType = sourcecode.swift; path = Animation_AppTests.swift; sourceTree = "<group>"; };
		299AF42D27E3C07E0040AA03 /* Animation_AppUITests.xctest */ = {isa = PBXFileReference; explicitFileType = wrapper.cfbundle; includeInIndex = 0; path = Animation_AppUITests.xctest; sourceTree = BUILT_PRODUCTS_DIR; };
		299AF43127E3C07E0040AA03 /* Animation_AppUITests.swift */ = {isa = PBXFileReference; lastKnownFileType = sourcecode.swift; path = Animation_AppUITests.swift; sourceTree = "<group>"; };
		299AF43327E3C07E0040AA03 /* Animation_AppUITestsLaunchTests.swift */ = {isa = PBXFileReference; lastKnownFileType = sourcecode.swift; path = Animation_AppUITestsLaunchTests.swift; sourceTree = "<group>"; };
/* End PBXFileReference section */

/* Begin PBXFrameworksBuildPhase section */
		299AF40A27E3C07C0040AA03 /* Frameworks */ = {
			isa = PBXFrameworksBuildPhase;
			buildActionMask = 2147483647;
			files = (
			);
			runOnlyForDeploymentPostprocessing = 0;
		};
		299AF42027E3C07E0040AA03 /* Frameworks */ = {
			isa = PBXFrameworksBuildPhase;
			buildActionMask = 2147483647;
			files = (
			);
			runOnlyForDeploymentPostprocessing = 0;
		};
		299AF42A27E3C07E0040AA03 /* Frameworks */ = {
			isa = PBXFrameworksBuildPhase;
			buildActionMask = 2147483647;
			files = (
			);
			runOnlyForDeploymentPostprocessing = 0;
		};
/* End PBXFrameworksBuildPhase section */

/* Begin PBXGroup section */
		299AF40427E3C07C0040AA03 = {
			isa = PBXGroup;
			children = (
				299AF40F27E3C07C0040AA03 /* Animation_App */,
				299AF42627E3C07E0040AA03 /* Animation_AppTests */,
				299AF43027E3C07E0040AA03 /* Animation_AppUITests */,
				299AF40E27E3C07C0040AA03 /* Products */,
			);
			sourceTree = "<group>";
		};
		299AF40E27E3C07C0040AA03 /* Products */ = {
			isa = PBXGroup;
			children = (
				299AF40D27E3C07C0040AA03 /* Animation_App.app */,
				299AF42327E3C07E0040AA03 /* Animation_AppTests.xctest */,
				299AF42D27E3C07E0040AA03 /* Animation_AppUITests.xctest */,
			);
			name = Products;
			sourceTree = "<group>";
		};
		299AF40F27E3C07C0040AA03 /* Animation_App */ = {
			isa = PBXGroup;
			children = (
				299AF41027E3C07C0040AA03 /* AppDelegate.swift */,
				299AF41227E3C07C0040AA03 /* SceneDelegate.swift */,
				299AF41427E3C07C0040AA03 /* ViewController.swift */,
				299AF41627E3C07C0040AA03 /* Main.storyboard */,
				299AF41927E3C07D0040AA03 /* Assets.xcassets */,
				299AF41B27E3C07D0040AA03 /* LaunchScreen.storyboard */,
				299AF41E27E3C07D0040AA03 /* Info.plist */,
			);
			path = Animation_App;
			sourceTree = "<group>";
		};
		299AF42627E3C07E0040AA03 /* Animation_AppTests */ = {
			isa = PBXGroup;
			children = (
				299AF42727E3C07E0040AA03 /* Animation_AppTests.swift */,
			);
			path = Animation_AppTests;
			sourceTree = "<group>";
		};
		299AF43027E3C07E0040AA03 /* Animation_AppUITests */ = {
			isa = PBXGroup;
			children = (
				299AF43127E3C07E0040AA03 /* Animation_AppUITests.swift */,
				299AF43327E3C07E0040AA03 /* Animation_AppUITestsLaunchTests.swift */,
			);
			path = Animation_AppUITests;
			sourceTree = "<group>";
		};
/* End PBXGroup section */

/* Begin PBXNativeTarget section */
		299AF40C27E3C07C0040AA03 /* Animation_App */ = {
			isa = PBXNativeTarget;
			buildConfigurationList = 299AF43727E3C07E0040AA03 /* Build configuration list for PBXNativeTarget "Animation_App" */;
			buildPhases = (
				299AF40927E3C07C0040AA03 /* Sources */,
				299AF40A27E3C07C0040AA03 /* Frameworks */,
				299AF40B27E3C07C0040AA03 /* Resources */,
			);
			buildRules = (
			);
			dependencies = (
			);
			name = Animation_App;
			productName = Animation_App;
			productReference = 299AF40D27E3C07C0040AA03 /* Animation_App.app */;
			productType = "com.apple.product-type.application";
		};
		299AF42227E3C07E0040AA03 /* Animation_AppTests */ = {
			isa = PBXNativeTarget;
			buildConfigurationList = 299AF43A27E3C07E0040AA03 /* Build configuration list for PBXNativeTarget "Animation_AppTests" */;
			buildPhases = (
				299AF41F27E3C07E0040AA03 /* Sources */,
				299AF42027E3C07E0040AA03 /* Frameworks */,
				299AF42127E3C07E0040AA03 /* Resources */,
			);
			buildRules = (
			);
			dependencies = (
				299AF42527E3C07E0040AA03 /* PBXTargetDependency */,
			);
			name = Animation_AppTests;
			productName = Animation_AppTests;
			productReference = 299AF42327E3C07E0040AA03 /* Animation_AppTests.xctest */;
			productType = "com.apple.product-type.bundle.unit-test";
		};
		299AF42C27E3C07E0040AA03 /* Animation_AppUITests */ = {
			isa = PBXNativeTarget;
			buildConfigurationList = 299AF43D27E3C07E0040AA03 /* Build configuration list for PBXNativeTarget "Animation_AppUITests" */;
			buildPhases = (
				299AF42927E3C07E0040AA03 /* Sources */,
				299AF42A27E3C07E0040AA03 /* Frameworks */,
				299AF42B27E3C07E0040AA03 /* Resources */,
			);
			buildRules = (
			);
			dependencies = (
				299AF42F27E3C07E0040AA03 /* PBXTargetDependency */,
			);
			name = Animation_AppUITests;
			productName = Animation_AppUITests;
			productReference = 299AF42D27E3C07E0040AA03 /* Animation_AppUITests.xctest */;
			productType = "com.apple.product-type.bundle.ui-testing";
		};
/* End PBXNativeTarget section */

/* Begin PBXProject section */
		299AF40527E3C07C0040AA03 /* Project object */ = {
			isa = PBXProject;
			attributes = {
				BuildIndependentTargetsInParallel = 1;
				LastSwiftUpdateCheck = 1320;
				LastUpgradeCheck = 1320;
				TargetAttributes = {
					299AF40C27E3C07C0040AA03 = {
						CreatedOnToolsVersion = 13.2.1;
					};
					299AF42227E3C07E0040AA03 = {
						CreatedOnToolsVersion = 13.2.1;
						TestTargetID = 299AF40C27E3C07C0040AA03;
					};
					299AF42C27E3C07E0040AA03 = {
						CreatedOnToolsVersion = 13.2.1;
						TestTargetID = 299AF40C27E3C07C0040AA03;
					};
				};
			};
			buildConfigurationList = 299AF40827E3C07C0040AA03 /* Build configuration list for PBXProject "Animation_App" */;
			compatibilityVersion = "Xcode 13.0";
			developmentRegion = en;
			hasScannedForEncodings = 0;
			knownRegions = (
				en,
				Base,
			);
			mainGroup = 299AF40427E3C07C0040AA03;
			productRefGroup = 299AF40E27E3C07C0040AA03 /* Products */;
			projectDirPath = "";
			projectRoot = "";
			targets = (
				299AF40C27E3C07C0040AA03 /* Animation_App */,
				299AF42227E3C07E0040AA03 /* Animation_AppTests */,
				299AF42C27E3C07E0040AA03 /* Animation_AppUITests */,
			);
		};
/* End PBXProject section */

/* Begin PBXResourcesBuildPhase section */
		299AF40B27E3C07C0040AA03 /* Resources */ = {
			isa = PBXResourcesBuildPhase;
			buildActionMask = 2147483647;
			files = (
				299AF41D27E3C07D0040AA03 /* LaunchScreen.storyboard in Resources */,
				299AF41A27E3C07D0040AA03 /* Assets.xcassets in Resources */,
				299AF41827E3C07C0040AA03 /* Main.storyboard in Resources */,
			);
			runOnlyForDeploymentPostprocessing = 0;
		};
		299AF42127E3C07E0040AA03 /* Resources */ = {
			isa = PBXResourcesBuildPhase;
			buildActionMask = 2147483647;
			files = (
			);
			runOnlyForDeploymentPostprocessing = 0;
		};
		299AF42B27E3C07E0040AA03 /* Resources */ = {
			isa = PBXResourcesBuildPhase;
			buildActionMask = 2147483647;
			files = (
			);
			runOnlyForDeploymentPostprocessing = 0;
		};
/* End PBXResourcesBuildPhase section */

/* Begin PBXSourcesBuildPhase section */
		299AF40927E3C07C0040AA03 /* Sources */ = {
			isa = PBXSourcesBuildPhase;
			buildActionMask = 2147483647;
			files = (
				299AF41527E3C07C0040AA03 /* ViewController.swift in Sources */,
				299AF41127E3C07C0040AA03 /* AppDelegate.swift in Sources */,
				299AF41327E3C07C0040AA03 /* SceneDelegate.swift in Sources */,
			);
			runOnlyForDeploymentPostprocessing = 0;
		};
		299AF41F27E3C07E0040AA03 /* Sources */ = {
			isa = PBXSourcesBuildPhase;
			buildActionMask = 2147483647;
			files = (
				299AF42827E3C07E0040AA03 /* Animation_AppTests.swift in Sources */,
			);
			runOnlyForDeploymentPostprocessing = 0;
		};
		299AF42927E3C07E0040AA03 /* Sources */ = {
			isa = PBXSourcesBuildPhase;
			buildActionMask = 2147483647;
			files = (
				299AF43227E3C07E0040AA03 /* Animation_AppUITests.swift in Sources */,
				299AF43427E3C07E0040AA03 /* Animation_AppUITestsLaunchTests.swift in Sources */,
			);
			runOnlyForDeploymentPostprocessing = 0;
		};
/* End PBXSourcesBuildPhase section */

/* Begin PBXTargetDependency section */
		299AF42527E3C07E0040AA03 /* PBXTargetDependency */ = {
			isa = PBXTargetDependency;
			target = 299AF40C27E3C07C0040AA03 /* Animation_App */;
			targetProxy = 299AF42427E3C07E0040AA03 /* PBXContainerItemProxy */;
		};
		299AF42F27E3C07E0040AA03 /* PBXTargetDependency */ = {
			isa = PBXTargetDependency;
			target = 299AF40C27E3C07C0040AA03 /* Animation_App */;
			targetProxy = 299AF42E27E3C07E0040AA03 /* PBXContainerItemProxy */;
		};
/* End PBXTargetDependency section */

/* Begin PBXVariantGroup section */
		299AF41627E3C07C0040AA03 /* Main.storyboard */ = {
			isa = PBXVariantGroup;
			children = (
				299AF41727E3C07C0040AA03 /* Base */,
			);
			name = Main.storyboard;
			sourceTree = "<group>";
		};
		299AF41B27E3C07D0040AA03 /* LaunchScreen.storyboard */ = {
			isa = PBXVariantGroup;
			children = (
				299AF41C27E3C07D0040AA03 /* Base */,
			);
			name = LaunchScreen.storyboard;
			sourceTree = "<group>";
		};
/* End PBXVariantGroup section */

/* Begin XCBuildConfiguration section */
		299AF43527E3C07E0040AA03 /* Debug */ = {
			isa = XCBuildConfiguration;
			buildSettings = {
				ALWAYS_SEARCH_USER_PATHS = NO;
				CLANG_ANALYZER_NONNULL = YES;
				CLANG_ANALYZER_NUMBER_OBJECT_CONVERSION = YES_AGGRESSIVE;
				CLANG_CXX_LANGUAGE_STANDARD = "gnu++17";
				CLANG_CXX_LIBRARY = "libc++";
				CLANG_ENABLE_MODULES = YES;
				CLANG_ENABLE_OBJC_ARC = YES;
				CLANG_ENABLE_OBJC_WEAK = YES;
				CLANG_WARN_BLOCK_CAPTURE_AUTORELEASING = YES;
				CLANG_WARN_BOOL_CONVERSION = YES;
				CLANG_WARN_COMMA = YES;
				CLANG_WARN_CONSTANT_CONVERSION = YES;
				CLANG_WARN_DEPRECATED_OBJC_IMPLEMENTATIONS = YES;
				CLANG_WARN_DIRECT_OBJC_ISA_USAGE = YES_ERROR;
				CLANG_WARN_DOCUMENTATION_COMMENTS = YES;
				CLANG_WARN_EMPTY_BODY = YES;
				CLANG_WARN_ENUM_CONVERSION = YES;
				CLANG_WARN_INFINITE_RECURSION = YES;
				CLANG_WARN_INT_CONVERSION = YES;
				CLANG_WARN_NON_LITERAL_NULL_CONVERSION = YES;
				CLANG_WARN_OBJC_IMPLICIT_RETAIN_SELF = YES;
				CLANG_WARN_OBJC_LITERAL_CONVERSION = YES;
				CLANG_WARN_OBJC_ROOT_CLASS = YES_ERROR;
				CLANG_WARN_QUOTED_INCLUDE_IN_FRAMEWORK_HEADER = YES;
				CLANG_WARN_RANGE_LOOP_ANALYSIS = YES;
				CLANG_WARN_STRICT_PROTOTYPES = YES;
				CLANG_WARN_SUSPICIOUS_MOVE = YES;
				CLANG_WARN_UNGUARDED_AVAILABILITY = YES_AGGRESSIVE;
				CLANG_WARN_UNREACHABLE_CODE = YES;
				CLANG_WARN__DUPLICATE_METHOD_MATCH = YES;
				COPY_PHASE_STRIP = NO;
				DEBUG_INFORMATION_FORMAT = dwarf;
				ENABLE_STRICT_OBJC_MSGSEND = YES;
				ENABLE_TESTABILITY = YES;
				GCC_C_LANGUAGE_STANDARD = gnu11;
				GCC_DYNAMIC_NO_PIC = NO;
				GCC_NO_COMMON_BLOCKS = YES;
				GCC_OPTIMIZATION_LEVEL = 0;
				GCC_PREPROCESSOR_DEFINITIONS = (
					"DEBUG=1",
					"$(inherited)",
				);
				GCC_WARN_64_TO_32_BIT_CONVERSION = YES;
				GCC_WARN_ABOUT_RETURN_TYPE = YES_ERROR;
				GCC_WARN_UNDECLARED_SELECTOR = YES;
				GCC_WARN_UNINITIALIZED_AUTOS = YES_AGGRESSIVE;
				GCC_WARN_UNUSED_FUNCTION = YES;
				GCC_WARN_UNUSED_VARIABLE = YES;
				IPHONEOS_DEPLOYMENT_TARGET = 15.2;
				MTL_ENABLE_DEBUG_INFO = INCLUDE_SOURCE;
				MTL_FAST_MATH = YES;
				ONLY_ACTIVE_ARCH = YES;
				SDKROOT = iphoneos;
				SWIFT_ACTIVE_COMPILATION_CONDITIONS = DEBUG;
				SWIFT_OPTIMIZATION_LEVEL = "-Onone";
			};
			name = Debug;
		};
		299AF43627E3C07E0040AA03 /* Release */ = {
			isa = XCBuildConfiguration;
			buildSettings = {
				ALWAYS_SEARCH_USER_PATHS = NO;
				CLANG_ANALYZER_NONNULL = YES;
				CLANG_ANALYZER_NUMBER_OBJECT_CONVERSION = YES_AGGRESSIVE;
				CLANG_CXX_LANGUAGE_STANDARD = "gnu++17";
				CLANG_CXX_LIBRARY = "libc++";
				CLANG_ENABLE_MODULES = YES;
				CLANG_ENABLE_OBJC_ARC = YES;
				CLANG_ENABLE_OBJC_WEAK = YES;
				CLANG_WARN_BLOCK_CAPTURE_AUTORELEASING = YES;
				CLANG_WARN_BOOL_CONVERSION = YES;
				CLANG_WARN_COMMA = YES;
				CLANG_WARN_CONSTANT_CONVERSION = YES;
				CLANG_WARN_DEPRECATED_OBJC_IMPLEMENTATIONS = YES;
				CLANG_WARN_DIRECT_OBJC_ISA_USAGE = YES_ERROR;
				CLANG_WARN_DOCUMENTATION_COMMENTS = YES;
				CLANG_WARN_EMPTY_BODY = YES;
				CLANG_WARN_ENUM_CONVERSION = YES;
				CLANG_WARN_INFINITE_RECURSION = YES;
				CLANG_WARN_INT_CONVERSION = YES;
				CLANG_WARN_NON_LITERAL_NULL_CONVERSION = YES;
				CLANG_WARN_OBJC_IMPLICIT_RETAIN_SELF = YES;
				CLANG_WARN_OBJC_LITERAL_CONVERSION = YES;
				CLANG_WARN_OBJC_ROOT_CLASS = YES_ERROR;
				CLANG_WARN_QUOTED_INCLUDE_IN_FRAMEWORK_HEADER = YES;
				CLANG_WARN_RANGE_LOOP_ANALYSIS = YES;
				CLANG_WARN_STRICT_PROTOTYPES = YES;
				CLANG_WARN_SUSPICIOUS_MOVE = YES;
				CLANG_WARN_UNGUARDED_AVAILABILITY = YES_AGGRESSIVE;
				CLANG_WARN_UNREACHABLE_CODE = YES;
				CLANG_WARN__DUPLICATE_METHOD_MATCH = YES;
				COPY_PHASE_STRIP = NO;
				DEBUG_INFORMATION_FORMAT = "dwarf-with-dsym";
				ENABLE_NS_ASSERTIONS = NO;
				ENABLE_STRICT_OBJC_MSGSEND = YES;
				GCC_C_LANGUAGE_STANDARD = gnu11;
				GCC_NO_COMMON_BLOCKS = YES;
				GCC_WARN_64_TO_32_BIT_CONVERSION = YES;
				GCC_WARN_ABOUT_RETURN_TYPE = YES_ERROR;
				GCC_WARN_UNDECLARED_SELECTOR = YES;
				GCC_WARN_UNINITIALIZED_AUTOS = YES_AGGRESSIVE;
				GCC_WARN_UNUSED_FUNCTION = YES;
				GCC_WARN_UNUSED_VARIABLE = YES;
				IPHONEOS_DEPLOYMENT_TARGET = 15.2;
				MTL_ENABLE_DEBUG_INFO = NO;
				MTL_FAST_MATH = YES;
				SDKROOT = iphoneos;
				SWIFT_COMPILATION_MODE = wholemodule;
				SWIFT_OPTIMIZATION_LEVEL = "-O";
				VALIDATE_PRODUCT = YES;
			};
			name = Release;
		};
		299AF43827E3C07E0040AA03 /* Debug */ = {
			isa = XCBuildConfiguration;
			buildSettings = {
				ASSETCATALOG_COMPILER_APPICON_NAME = AppIcon;
				ASSETCATALOG_COMPILER_GLOBAL_ACCENT_COLOR_NAME = AccentColor;
				CODE_SIGN_STYLE = Automatic;
				CURRENT_PROJECT_VERSION = 1;
				GENERATE_INFOPLIST_FILE = YES;
				INFOPLIST_FILE = Animation_App/Info.plist;
				INFOPLIST_KEY_CFBundleDisplayName = Animation_App;
				INFOPLIST_KEY_UIApplicationSupportsIndirectInputEvents = YES;
				INFOPLIST_KEY_UILaunchStoryboardName = LaunchScreen;
				INFOPLIST_KEY_UIMainStoryboardFile = Main;
				INFOPLIST_KEY_UISupportedInterfaceOrientations_iPad = "UIInterfaceOrientationPortrait UIInterfaceOrientationPortraitUpsideDown UIInterfaceOrientationLandscapeLeft UIInterfaceOrientationLandscapeRight";
				INFOPLIST_KEY_UISupportedInterfaceOrientations_iPhone = "UIInterfaceOrientationPortrait UIInterfaceOrientationLandscapeLeft UIInterfaceOrientationLandscapeRight";
				LD_RUNPATH_SEARCH_PATHS = (
					"$(inherited)",
					"@executable_path/Frameworks",
				);
				MARKETING_VERSION = 1.0;
				PRODUCT_BUNDLE_IDENTIFIER = "nwmsu.Animation-App";
				PRODUCT_NAME = "$(TARGET_NAME)";
				SWIFT_EMIT_LOC_STRINGS = YES;
				SWIFT_VERSION = 5.0;
				TARGETED_DEVICE_FAMILY = "1,2";
			};
			name = Debug;
		};
		299AF43927E3C07E0040AA03 /* Release */ = {
			isa = XCBuildConfiguration;
			buildSettings = {
				ASSETCATALOG_COMPILER_APPICON_NAME = AppIcon;
				ASSETCATALOG_COMPILER_GLOBAL_ACCENT_COLOR_NAME = AccentColor;
				CODE_SIGN_STYLE = Automatic;
				CURRENT_PROJECT_VERSION = 1;
				GENERATE_INFOPLIST_FILE = YES;
				INFOPLIST_FILE = Animation_App/Info.plist;
				INFOPLIST_KEY_CFBundleDisplayName = Animation_App;
				INFOPLIST_KEY_UIApplicationSupportsIndirectInputEvents = YES;
				INFOPLIST_KEY_UILaunchStoryboardName = LaunchScreen;
				INFOPLIST_KEY_UIMainStoryboardFile = Main;
				INFOPLIST_KEY_UISupportedInterfaceOrientations_iPad = "UIInterfaceOrientationPortrait UIInterfaceOrientationPortraitUpsideDown UIInterfaceOrientationLandscapeLeft UIInterfaceOrientationLandscapeRight";
				INFOPLIST_KEY_UISupportedInterfaceOrientations_iPhone = "UIInterfaceOrientationPortrait UIInterfaceOrientationLandscapeLeft UIInterfaceOrientationLandscapeRight";
				LD_RUNPATH_SEARCH_PATHS = (
					"$(inherited)",
					"@executable_path/Frameworks",
				);
				MARKETING_VERSION = 1.0;
				PRODUCT_BUNDLE_IDENTIFIER = "nwmsu.Animation-App";
				PRODUCT_NAME = "$(TARGET_NAME)";
				SWIFT_EMIT_LOC_STRINGS = YES;
				SWIFT_VERSION = 5.0;
				TARGETED_DEVICE_FAMILY = "1,2";
			};
			name = Release;
		};
		299AF43B27E3C07E0040AA03 /* Debug */ = {
			isa = XCBuildConfiguration;
			buildSettings = {
				ALWAYS_EMBED_SWIFT_STANDARD_LIBRARIES = YES;
				BUNDLE_LOADER = "$(TEST_HOST)";
				CODE_SIGN_STYLE = Automatic;
				CURRENT_PROJECT_VERSION = 1;
				GENERATE_INFOPLIST_FILE = YES;
				IPHONEOS_DEPLOYMENT_TARGET = 15.2;
				MARKETING_VERSION = 1.0;
				PRODUCT_BUNDLE_IDENTIFIER = "nwmsu.Animation-AppTests";
				PRODUCT_NAME = "$(TARGET_NAME)";
				SWIFT_EMIT_LOC_STRINGS = NO;
				SWIFT_VERSION = 5.0;
				TARGETED_DEVICE_FAMILY = "1,2";
				TEST_HOST = "$(BUILT_PRODUCTS_DIR)/Animation_App.app/Animation_App";
			};
			name = Debug;
		};
		299AF43C27E3C07E0040AA03 /* Release */ = {
			isa = XCBuildConfiguration;
			buildSettings = {
				ALWAYS_EMBED_SWIFT_STANDARD_LIBRARIES = YES;
				BUNDLE_LOADER = "$(TEST_HOST)";
				CODE_SIGN_STYLE = Automatic;
				CURRENT_PROJECT_VERSION = 1;
				GENERATE_INFOPLIST_FILE = YES;
				IPHONEOS_DEPLOYMENT_TARGET = 15.2;
				MARKETING_VERSION = 1.0;
				PRODUCT_BUNDLE_IDENTIFIER = "nwmsu.Animation-AppTests";
				PRODUCT_NAME = "$(TARGET_NAME)";
				SWIFT_EMIT_LOC_STRINGS = NO;
				SWIFT_VERSION = 5.0;
				TARGETED_DEVICE_FAMILY = "1,2";
				TEST_HOST = "$(BUILT_PRODUCTS_DIR)/Animation_App.app/Animation_App";
			};
			name = Release;
		};
		299AF43E27E3C07E0040AA03 /* Debug */ = {
			isa = XCBuildConfiguration;
			buildSettings = {
				ALWAYS_EMBED_SWIFT_STANDARD_LIBRARIES = YES;
				CODE_SIGN_STYLE = Automatic;
				CURRENT_PROJECT_VERSION = 1;
				GENERATE_INFOPLIST_FILE = YES;
				MARKETING_VERSION = 1.0;
				PRODUCT_BUNDLE_IDENTIFIER = "nwmsu.Animation-AppUITests";
				PRODUCT_NAME = "$(TARGET_NAME)";
				SWIFT_EMIT_LOC_STRINGS = NO;
				SWIFT_VERSION = 5.0;
				TARGETED_DEVICE_FAMILY = "1,2";
				TEST_TARGET_NAME = Animation_App;
			};
			name = Debug;
		};
		299AF43F27E3C07E0040AA03 /* Release */ = {
			isa = XCBuildConfiguration;
			buildSettings = {
				ALWAYS_EMBED_SWIFT_STANDARD_LIBRARIES = YES;
				CODE_SIGN_STYLE = Automatic;
				CURRENT_PROJECT_VERSION = 1;
				GENERATE_INFOPLIST_FILE = YES;
				MARKETING_VERSION = 1.0;
				PRODUCT_BUNDLE_IDENTIFIER = "nwmsu.Animation-AppUITests";
				PRODUCT_NAME = "$(TARGET_NAME)";
				SWIFT_EMIT_LOC_STRINGS = NO;
				SWIFT_VERSION = 5.0;
				TARGETED_DEVICE_FAMILY = "1,2";
				TEST_TARGET_NAME = Animation_App;
			};
			name = Release;
		};
/* End XCBuildConfiguration section */

/* Begin XCConfigurationList section */
		299AF40827E3C07C0040AA03 /* Build configuration list for PBXProject "Animation_App" */ = {
			isa = XCConfigurationList;
			buildConfigurations = (
				299AF43527E3C07E0040AA03 /* Debug */,
				299AF43627E3C07E0040AA03 /* Release */,
			);
			defaultConfigurationIsVisible = 0;
			defaultConfigurationName = Release;
		};
		299AF43727E3C07E0040AA03 /* Build configuration list for PBXNativeTarget "Animation_App" */ = {
			isa = XCConfigurationList;
			buildConfigurations = (
				299AF43827E3C07E0040AA03 /* Debug */,
				299AF43927E3C07E0040AA03 /* Release */,
			);
			defaultConfigurationIsVisible = 0;
			defaultConfigurationName = Release;
		};
		299AF43A27E3C07E0040AA03 /* Build configuration list for PBXNativeTarget "Animation_AppTests" */ = {
			isa = XCConfigurationList;
			buildConfigurations = (
				299AF43B27E3C07E0040AA03 /* Debug */,
				299AF43C27E3C07E0040AA03 /* Release */,
			);
			defaultConfigurationIsVisible = 0;
			defaultConfigurationName = Release;
		};
		299AF43D27E3C07E0040AA03 /* Build configuration list for PBXNativeTarget "Animation_AppUITests" */ = {
			isa = XCConfigurationList;
			buildConfigurations = (
				299AF43E27E3C07E0040AA03 /* Debug */,
				299AF43F27E3C07E0040AA03 /* Release */,
			);
			defaultConfigurationIsVisible = 0;
			defaultConfigurationName = Release;
		};
/* End XCConfigurationList section */
	};
	rootObject = 299AF40527E3C07C0040AA03 /* Project object */;
}
